
Microsoft Visual Studio Solution File, Format Version 12.00
# Visual Studio Version 17
VisualStudioVersion = 17.10.34916.146
MinimumVisualStudioVersion = 10.0.40219.1
Project("{FAE04EC0-301F-11D3-BF4B-00C04F79EFBC}") = "HW_4.1.1", "HW_4.1.1.csproj", "{70EEF3D1-286A-4B04-B160-AE3A3E38547D}"
EndProject
Global
	GlobalSection(SolutionConfigurationPlatforms) = preSolution
		Debug|Any CPU = Debug|Any CPU
		Release|Any CPU = Release|Any CPU
	EndGlobalSection
	GlobalSection(ProjectConfigurationPlatforms) = postSolution
		{70EEF3D1-286A-4B04-B160-AE3A3E38547D}.Debug|Any CPU.ActiveCfg = Debug|Any CPU
		{70EEF3D1-286A-4B04-B160-AE3A3E38547D}.Debug|Any CPU.Build.0 = Debug|Any CPU
		{70EEF3D1-286A-4B04-B160-AE3A3E38547D}.Release|Any CPU.ActiveCfg = Release|Any CPU
		{70EEF3D1-286A-4B04-B160-AE3A3E38547D}.Release|Any CPU.Build.0 = Release|Any CPU
	EndGlobalSection
	GlobalSection(SolutionProperties) = preSolution
		HideSolutionNode = FALSE
	EndGlobalSection
	GlobalSection(ExtensibilityGlobals) = postSolution
		SolutionGuid = {199F66FA-D61A-47B2-BF3C-28DF7F1F18CE}
	EndGlobalSection
EndGlobal
